
Microsoft Visual Studio Solution File, Format Version 12.00
# Visual Studio Version 17
VisualStudioVersion = 17.5.002.0
MinimumVisualStudioVersion = 10.0.40219.1
Project("{9A19103F-16F7-4668-BE54-9A1E7A4F7556}") = "Do an nhom", "Do an nhom.csproj", "{EAF9259B-CC10-40BB-B73C-3C9327974063}"
EndProject
Global
	GlobalSection(SolutionConfigurationPlatforms) = preSolution
		Debug|Any CPU = Debug|Any CPU
		Release|Any CPU = Release|Any CPU
	EndGlobalSection
	GlobalSection(ProjectConfigurationPlatforms) = postSolution
		{EAF9259B-CC10-40BB-B73C-3C9327974063}.Debug|Any CPU.ActiveCfg = Debug|Any CPU
		{EAF9259B-CC10-40BB-B73C-3C9327974063}.Debug|Any CPU.Build.0 = Debug|Any CPU
		{EAF9259B-CC10-40BB-B73C-3C9327974063}.Release|Any CPU.ActiveCfg = Release|Any CPU
		{EAF9259B-CC10-40BB-B73C-3C9327974063}.Release|Any CPU.Build.0 = Release|Any CPU
	EndGlobalSection
	GlobalSection(SolutionProperties) = preSolution
		HideSolutionNode = FALSE
	EndGlobalSection
	GlobalSection(ExtensibilityGlobals) = postSolution
		SolutionGuid = {1AC54975-61D9-448D-954E-A6A1189E4C5D}
	EndGlobalSection
EndGlobal
